
Microsoft Visual Studio Solution File, Format Version 12.00
# Visual Studio 2012
Project("{FAE04EC0-301F-11D3-BF4B-00C04F79EFBC}") = "Finalproject", "Finalproject\Finalproject.csproj", "{95C8D65B-9E49-4777-A4A2-55EAEB40F7C7}"
EndProject
Project("{FAE04EC0-301F-11D3-BF4B-00C04F79EFBC}") = "Projectserver", "Server\Projectserver.csproj", "{40465493-A0D9-4C73-89DC-FC4EB45C2073}"
EndProject
Global
	GlobalSection(SolutionConfigurationPlatforms) = preSolution
		Debug|Any CPU = Debug|Any CPU
		Release|Any CPU = Release|Any CPU
	EndGlobalSection
	GlobalSection(ProjectConfigurationPlatforms) = postSolution
		{95C8D65B-9E49-4777-A4A2-55EAEB40F7C7}.Debug|Any CPU.ActiveCfg = Debug|Any CPU
		{95C8D65B-9E49-4777-A4A2-55EAEB40F7C7}.Debug|Any CPU.Build.0 = Debug|Any CPU
		{95C8D65B-9E49-4777-A4A2-55EAEB40F7C7}.Release|Any CPU.ActiveCfg = Release|Any CPU
		{95C8D65B-9E49-4777-A4A2-55EAEB40F7C7}.Release|Any CPU.Build.0 = Release|Any CPU
		{40465493-A0D9-4C73-89DC-FC4EB45C2073}.Debug|Any CPU.ActiveCfg = Debug|Any CPU
		{40465493-A0D9-4C73-89DC-FC4EB45C2073}.Debug|Any CPU.Build.0 = Debug|Any CPU
		{40465493-A0D9-4C73-89DC-FC4EB45C2073}.Release|Any CPU.ActiveCfg = Release|Any CPU
		{40465493-A0D9-4C73-89DC-FC4EB45C2073}.Release|Any CPU.Build.0 = Release|Any CPU
	EndGlobalSection
	GlobalSection(SolutionProperties) = preSolution
		HideSolutionNode = FALSE
	EndGlobalSection
EndGlobal
